// !$*UTF8*$!
{
	archiveVersion = 1;
	classes = {
	};
	objectVersion = 46;
	objects = {

/* Begin PBXBuildFile section */
		3F2FC25219BB9D3B00124ACB /* FieldsTableViewController.m in Sources */ = {isa = PBXBuildFile; fileRef = 3F2FC25119BB9D3B00124ACB /* FieldsTableViewController.m */; };
		3F2FC25F19BBA1F500124ACB /* Farm.m in Sources */ = {isa = PBXBuildFile; fileRef = 3F2FC25E19BBA1F500124ACB /* Farm.m */; };
		3F2FC26519BBA68300124ACB /* Field.m in Sources */ = {isa = PBXBuildFile; fileRef = 3F2FC26419BBA68300124ACB /* Field.m */; };
		9E0EA98119B8BCD60072166D /* Foundation.framework in Frameworks */ = {isa = PBXBuildFile; fileRef = 9E0EA98019B8BCD60072166D /* Foundation.framework */; };
		9E0EA98319B8BCD60072166D /* CoreGraphics.framework in Frameworks */ = {isa = PBXBuildFile; fileRef = 9E0EA98219B8BCD60072166D /* CoreGraphics.framework */; };
		9E0EA98519B8BCD60072166D /* UIKit.framework in Frameworks */ = {isa = PBXBuildFile; fileRef = 9E0EA98419B8BCD60072166D /* UIKit.framework */; };
		9E0EA98719B8BCD60072166D /* CoreData.framework in Frameworks */ = {isa = PBXBuildFile; fileRef = 9E0EA98619B8BCD60072166D /* CoreData.framework */; };
		9E0EA98D19B8BCD60072166D /* InfoPlist.strings in Resources */ = {isa = PBXBuildFile; fileRef = 9E0EA98B19B8BCD60072166D /* InfoPlist.strings */; };
		9E0EA98F19B8BCD60072166D /* main.m in Sources */ = {isa = PBXBuildFile; fileRef = 9E0EA98E19B8BCD60072166D /* main.m */; };
		9E0EA99319B8BCD60072166D /* AppDelegate.m in Sources */ = {isa = PBXBuildFile; fileRef = 9E0EA99219B8BCD60072166D /* AppDelegate.m */; };
		9E0EA99619B8BCD60072166D /* AgAR.xcdatamodeld in Sources */ = {isa = PBXBuildFile; fileRef = 9E0EA99419B8BCD60072166D /* AgAR.xcdatamodeld */; };
		9E0EA99819B8BCD60072166D /* Images.xcassets in Resources */ = {isa = PBXBuildFile; fileRef = 9E0EA99719B8BCD60072166D /* Images.xcassets */; };
		9E0EA99F19B8BCD60072166D /* XCTest.framework in Frameworks */ = {isa = PBXBuildFile; fileRef = 9E0EA99E19B8BCD60072166D /* XCTest.framework */; };
		9E0EA9A019B8BCD60072166D /* Foundation.framework in Frameworks */ = {isa = PBXBuildFile; fileRef = 9E0EA98019B8BCD60072166D /* Foundation.framework */; };
		9E0EA9A119B8BCD60072166D /* UIKit.framework in Frameworks */ = {isa = PBXBuildFile; fileRef = 9E0EA98419B8BCD60072166D /* UIKit.framework */; };
		9E0EA9A219B8BCD60072166D /* CoreData.framework in Frameworks */ = {isa = PBXBuildFile; fileRef = 9E0EA98619B8BCD60072166D /* CoreData.framework */; };
		9E0EA9AA19B8BCD60072166D /* InfoPlist.strings in Resources */ = {isa = PBXBuildFile; fileRef = 9E0EA9A819B8BCD60072166D /* InfoPlist.strings */; };
		9E0EA9AC19B8BCD60072166D /* AgARTests.m in Sources */ = {isa = PBXBuildFile; fileRef = 9E0EA9AB19B8BCD60072166D /* AgARTests.m */; };
		9ED6BF9119B9F39000EFAF4A /* iPhone.storyboard in Resources */ = {isa = PBXBuildFile; fileRef = 9ED6BF9019B9F39000EFAF4A /* iPhone.storyboard */; };
		9ED6BF9719B9F3EB00EFAF4A /* LoginViewController.m in Sources */ = {isa = PBXBuildFile; fileRef = 9ED6BF9419B9F3EB00EFAF4A /* LoginViewController.m */; };
		9ED6BF9819B9F3EB00EFAF4A /* SignupViewController.m in Sources */ = {isa = PBXBuildFile; fileRef = 9ED6BF9619B9F3EB00EFAF4A /* SignupViewController.m */; };
		9ED6BF9A19B9F4CB00EFAF4A /* Parse.framework in Frameworks */ = {isa = PBXBuildFile; fileRef = 9ED6BF9919B9F4CB00EFAF4A /* Parse.framework */; };
		9ED6C01E19B9F59F00EFAF4A /* GPLocationHelper.m in Sources */ = {isa = PBXBuildFile; fileRef = 9ED6C00119B9F59F00EFAF4A /* GPLocationHelper.m */; };
		9ED6C02019B9F59F00EFAF4A /* NSObject+MKBlockAdditions.m in Sources */ = {isa = PBXBuildFile; fileRef = 9ED6C00719B9F59F00EFAF4A /* NSObject+MKBlockAdditions.m */; settings = {COMPILER_FLAGS = "-fno-objc-arc"; }; };
		9ED6C02119B9F59F00EFAF4A /* UIActionSheet+MKBlockAdditions.m in Sources */ = {isa = PBXBuildFile; fileRef = 9ED6C00919B9F59F00EFAF4A /* UIActionSheet+MKBlockAdditions.m */; settings = {COMPILER_FLAGS = "-fno-objc-arc"; }; };
		9ED6C02219B9F59F00EFAF4A /* UIAlertView+MKBlockAdditions.m in Sources */ = {isa = PBXBuildFile; fileRef = 9ED6C00B19B9F59F00EFAF4A /* UIAlertView+MKBlockAdditions.m */; settings = {COMPILER_FLAGS = "-fno-objc-arc"; }; };
		9ED6C02319B9F59F00EFAF4A /* NSManagedObject+Entity.m in Sources */ = {isa = PBXBuildFile; fileRef = 9ED6C00D19B9F59F00EFAF4A /* NSManagedObject+Entity.m */; };
		9ED6C02419B9F59F00EFAF4A /* NSManagedObject+Query.m in Sources */ = {isa = PBXBuildFile; fileRef = 9ED6C00F19B9F59F00EFAF4A /* NSManagedObject+Query.m */; };
		9ED6C02519B9F59F00EFAF4A /* NSObject+Notify.m in Sources */ = {isa = PBXBuildFile; fileRef = 9ED6C01119B9F59F00EFAF4A /* NSObject+Notify.m */; };
		9ED6C02619B9F59F00EFAF4A /* Query.m in Sources */ = {isa = PBXBuildFile; fileRef = 9ED6C01319B9F59F00EFAF4A /* Query.m */; };
		9ED6C02719B9F59F00EFAF4A /* UIImage+Alpha.m in Sources */ = {isa = PBXBuildFile; fileRef = 9ED6C01519B9F59F00EFAF4A /* UIImage+Alpha.m */; };
		9ED6C02819B9F59F00EFAF4A /* UIImage+Resize.m in Sources */ = {isa = PBXBuildFile; fileRef = 9ED6C01719B9F59F00EFAF4A /* UIImage+Resize.m */; };
		9ED6C02919B9F59F00EFAF4A /* UIImage+RoundedCorner.m in Sources */ = {isa = PBXBuildFile; fileRef = 9ED6C01919B9F59F00EFAF4A /* UIImage+RoundedCorner.m */; };
		9ED6C02A19B9F59F00EFAF4A /* Util.m in Sources */ = {isa = PBXBuildFile; fileRef = 9ED6C01B19B9F59F00EFAF4A /* Util.m */; };
		9ED6C02C19B9F67700EFAF4A /* AudioToolbox.framework in Frameworks */ = {isa = PBXBuildFile; fileRef = 9ED6C02B19B9F67700EFAF4A /* AudioToolbox.framework */; };
		9ED6C02E19B9F67E00EFAF4A /* CFNetwork.framework in Frameworks */ = {isa = PBXBuildFile; fileRef = 9ED6C02D19B9F67E00EFAF4A /* CFNetwork.framework */; };
		9ED6C03019B9F68700EFAF4A /* CoreLocation.framework in Frameworks */ = {isa = PBXBuildFile; fileRef = 9ED6C02F19B9F68700EFAF4A /* CoreLocation.framework */; };
		9ED6C03219B9F68C00EFAF4A /* libz.dylib in Frameworks */ = {isa = PBXBuildFile; fileRef = 9ED6C03119B9F68C00EFAF4A /* libz.dylib */; };
		9ED6C03419B9F69400EFAF4A /* MobileCoreServices.framework in Frameworks */ = {isa = PBXBuildFile; fileRef = 9ED6C03319B9F69400EFAF4A /* MobileCoreServices.framework */; };
		9ED6C03619B9F69700EFAF4A /* QuartzCore.framework in Frameworks */ = {isa = PBXBuildFile; fileRef = 9ED6C03519B9F69700EFAF4A /* QuartzCore.framework */; };
		9ED6C03819B9F69C00EFAF4A /* Security.framework in Frameworks */ = {isa = PBXBuildFile; fileRef = 9ED6C03719B9F69C00EFAF4A /* Security.framework */; };
		9ED6C03A19B9F6A000EFAF4A /* StoreKit.framework in Frameworks */ = {isa = PBXBuildFile; fileRef = 9ED6C03919B9F6A000EFAF4A /* StoreKit.framework */; };
		9ED6C03C19B9F6A700EFAF4A /* SystemConfiguration.framework in Frameworks */ = {isa = PBXBuildFile; fileRef = 9ED6C03B19B9F6A700EFAF4A /* SystemConfiguration.framework */; };
		9ED6C03E19B9F6AB00EFAF4A /* Social.framework in Frameworks */ = {isa = PBXBuildFile; fileRef = 9ED6C03D19B9F6AB00EFAF4A /* Social.framework */; };
/* End PBXBuildFile section */

/* Begin PBXContainerItemProxy section */
		9E0EA9A319B8BCD60072166D /* PBXContainerItemProxy */ = {
			isa = PBXContainerItemProxy;
			containerPortal = 9E0EA97519B8BCD60072166D /* Project object */;
			proxyType = 1;
			remoteGlobalIDString = 9E0EA97C19B8BCD60072166D;
			remoteInfo = AgAR;
		};
/* End PBXContainerItemProxy section */

/* Begin PBXFileReference section */
		3F2FC25019BB9D3B00124ACB /* FieldsTableViewController.h */ = {isa = PBXFileReference; fileEncoding = 4; lastKnownFileType = sourcecode.c.h; path = FieldsTableViewController.h; sourceTree = "<group>"; };
		3F2FC25119BB9D3B00124ACB /* FieldsTableViewController.m */ = {isa = PBXFileReference; fileEncoding = 4; lastKnownFileType = sourcecode.c.objc; path = FieldsTableViewController.m; sourceTree = "<group>"; };
		3F2FC25D19BBA1F500124ACB /* Farm.h */ = {isa = PBXFileReference; fileEncoding = 4; lastKnownFileType = sourcecode.c.h; path = Farm.h; sourceTree = "<group>"; };
		3F2FC25E19BBA1F500124ACB /* Farm.m */ = {isa = PBXFileReference; fileEncoding = 4; lastKnownFileType = sourcecode.c.objc; path = Farm.m; sourceTree = "<group>"; };
		3F2FC26319BBA68300124ACB /* Field.h */ = {isa = PBXFileReference; fileEncoding = 4; lastKnownFileType = sourcecode.c.h; path = Field.h; sourceTree = "<group>"; };
		3F2FC26419BBA68300124ACB /* Field.m */ = {isa = PBXFileReference; fileEncoding = 4; lastKnownFileType = sourcecode.c.objc; path = Field.m; sourceTree = "<group>"; };
		9E0EA97D19B8BCD60072166D /* AgAR.app */ = {isa = PBXFileReference; explicitFileType = wrapper.application; includeInIndex = 0; path = AgAR.app; sourceTree = BUILT_PRODUCTS_DIR; };
		9E0EA98019B8BCD60072166D /* Foundation.framework */ = {isa = PBXFileReference; lastKnownFileType = wrapper.framework; name = Foundation.framework; path = System/Library/Frameworks/Foundation.framework; sourceTree = SDKROOT; };
		9E0EA98219B8BCD60072166D /* CoreGraphics.framework */ = {isa = PBXFileReference; lastKnownFileType = wrapper.framework; name = CoreGraphics.framework; path = System/Library/Frameworks/CoreGraphics.framework; sourceTree = SDKROOT; };
		9E0EA98419B8BCD60072166D /* UIKit.framework */ = {isa = PBXFileReference; lastKnownFileType = wrapper.framework; name = UIKit.framework; path = System/Library/Frameworks/UIKit.framework; sourceTree = SDKROOT; };
		9E0EA98619B8BCD60072166D /* CoreData.framework */ = {isa = PBXFileReference; lastKnownFileType = wrapper.framework; name = CoreData.framework; path = System/Library/Frameworks/CoreData.framework; sourceTree = SDKROOT; };
		9E0EA98A19B8BCD60072166D /* AgAR-Info.plist */ = {isa = PBXFileReference; lastKnownFileType = text.plist.xml; path = "AgAR-Info.plist"; sourceTree = "<group>"; };
		9E0EA98C19B8BCD60072166D /* en */ = {isa = PBXFileReference; lastKnownFileType = text.plist.strings; name = en; path = en.lproj/InfoPlist.strings; sourceTree = "<group>"; };
		9E0EA98E19B8BCD60072166D /* main.m */ = {isa = PBXFileReference; lastKnownFileType = sourcecode.c.objc; path = main.m; sourceTree = "<group>"; };
		9E0EA99019B8BCD60072166D /* AgAR-Prefix.pch */ = {isa = PBXFileReference; lastKnownFileType = sourcecode.c.h; path = "AgAR-Prefix.pch"; sourceTree = "<group>"; };
		9E0EA99119B8BCD60072166D /* AppDelegate.h */ = {isa = PBXFileReference; lastKnownFileType = sourcecode.c.h; path = AppDelegate.h; sourceTree = "<group>"; };
		9E0EA99219B8BCD60072166D /* AppDelegate.m */ = {isa = PBXFileReference; lastKnownFileType = sourcecode.c.objc; path = AppDelegate.m; sourceTree = "<group>"; };
		9E0EA99519B8BCD60072166D /* AgAR.xcdatamodel */ = {isa = PBXFileReference; lastKnownFileType = wrapper.xcdatamodel; path = AgAR.xcdatamodel; sourceTree = "<group>"; };
		9E0EA99719B8BCD60072166D /* Images.xcassets */ = {isa = PBXFileReference; lastKnownFileType = folder.assetcatalog; path = Images.xcassets; sourceTree = "<group>"; };
		9E0EA99D19B8BCD60072166D /* AgARTests.xctest */ = {isa = PBXFileReference; explicitFileType = wrapper.cfbundle; includeInIndex = 0; path = AgARTests.xctest; sourceTree = BUILT_PRODUCTS_DIR; };
		9E0EA99E19B8BCD60072166D /* XCTest.framework */ = {isa = PBXFileReference; lastKnownFileType = wrapper.framework; name = XCTest.framework; path = Library/Frameworks/XCTest.framework; sourceTree = DEVELOPER_DIR; };
		9E0EA9A719B8BCD60072166D /* AgARTests-Info.plist */ = {isa = PBXFileReference; lastKnownFileType = text.plist.xml; path = "AgARTests-Info.plist"; sourceTree = "<group>"; };
		9E0EA9A919B8BCD60072166D /* en */ = {isa = PBXFileReference; lastKnownFileType = text.plist.strings; name = en; path = en.lproj/InfoPlist.strings; sourceTree = "<group>"; };
		9E0EA9AB19B8BCD60072166D /* AgARTests.m */ = {isa = PBXFileReference; lastKnownFileType = sourcecode.c.objc; path = AgARTests.m; sourceTree = "<group>"; };
		9ED6BF9019B9F39000EFAF4A /* iPhone.storyboard */ = {isa = PBXFileReference; fileEncoding = 4; lastKnownFileType = file.storyboard; path = iPhone.storyboard; sourceTree = "<group>"; };
		9ED6BF9319B9F3EB00EFAF4A /* LoginViewController.h */ = {isa = PBXFileReference; fileEncoding = 4; lastKnownFileType = sourcecode.c.h; path = LoginViewController.h; sourceTree = "<group>"; };
		9ED6BF9419B9F3EB00EFAF4A /* LoginViewController.m */ = {isa = PBXFileReference; fileEncoding = 4; lastKnownFileType = sourcecode.c.objc; path = LoginViewController.m; sourceTree = "<group>"; };
		9ED6BF9519B9F3EB00EFAF4A /* SignupViewController.h */ = {isa = PBXFileReference; fileEncoding = 4; lastKnownFileType = sourcecode.c.h; path = SignupViewController.h; sourceTree = "<group>"; };
		9ED6BF9619B9F3EB00EFAF4A /* SignupViewController.m */ = {isa = PBXFileReference; fileEncoding = 4; lastKnownFileType = sourcecode.c.objc; path = SignupViewController.m; sourceTree = "<group>"; };
		9ED6BF9919B9F4CB00EFAF4A /* Parse.framework */ = {isa = PBXFileReference; lastKnownFileType = wrapper.framework; path = Parse.framework; sourceTree = "<group>"; };
		9ED6C00019B9F59F00EFAF4A /* GPLocationHelper.h */ = {isa = PBXFileReference; fileEncoding = 4; lastKnownFileType = sourcecode.c.h; path = GPLocationHelper.h; sourceTree = "<group>"; };
		9ED6C00119B9F59F00EFAF4A /* GPLocationHelper.m */ = {isa = PBXFileReference; fileEncoding = 4; lastKnownFileType = sourcecode.c.objc; path = GPLocationHelper.m; sourceTree = "<group>"; };
		9ED6C00519B9F59F00EFAF4A /* MKBlockAdditions.h */ = {isa = PBXFileReference; fileEncoding = 4; lastKnownFileType = sourcecode.c.h; path = MKBlockAdditions.h; sourceTree = "<group>"; };
		9ED6C00619B9F59F00EFAF4A /* NSObject+MKBlockAdditions.h */ = {isa = PBXFileReference; fileEncoding = 4; lastKnownFileType = sourcecode.c.h; path = "NSObject+MKBlockAdditions.h"; sourceTree = "<group>"; };
		9ED6C00719B9F59F00EFAF4A /* NSObject+MKBlockAdditions.m */ = {isa = PBXFileReference; fileEncoding = 4; lastKnownFileType = sourcecode.c.objc; path = "NSObject+MKBlockAdditions.m"; sourceTree = "<group>"; };
		9ED6C00819B9F59F00EFAF4A /* UIActionSheet+MKBlockAdditions.h */ = {isa = PBXFileReference; fileEncoding = 4; lastKnownFileType = sourcecode.c.h; path = "UIActionSheet+MKBlockAdditions.h"; sourceTree = "<group>"; };
		9ED6C00919B9F59F00EFAF4A /* UIActionSheet+MKBlockAdditions.m */ = {isa = PBXFileReference; fileEncoding = 4; lastKnownFileType = sourcecode.c.objc; path = "UIActionSheet+MKBlockAdditions.m"; sourceTree = "<group>"; };
		9ED6C00A19B9F59F00EFAF4A /* UIAlertView+MKBlockAdditions.h */ = {isa = PBXFileReference; fileEncoding = 4; lastKnownFileType = sourcecode.c.h; path = "UIAlertView+MKBlockAdditions.h"; sourceTree = "<group>"; };
		9ED6C00B19B9F59F00EFAF4A /* UIAlertView+MKBlockAdditions.m */ = {isa = PBXFileReference; fileEncoding = 4; lastKnownFileType = sourcecode.c.objc; path = "UIAlertView+MKBlockAdditions.m"; sourceTree = "<group>"; };
		9ED6C00C19B9F59F00EFAF4A /* NSManagedObject+Entity.h */ = {isa = PBXFileReference; fileEncoding = 4; lastKnownFileType = sourcecode.c.h; path = "NSManagedObject+Entity.h"; sourceTree = "<group>"; };
		9ED6C00D19B9F59F00EFAF4A /* NSManagedObject+Entity.m */ = {isa = PBXFileReference; fileEncoding = 4; lastKnownFileType = sourcecode.c.objc; path = "NSManagedObject+Entity.m"; sourceTree = "<group>"; };
		9ED6C00E19B9F59F00EFAF4A /* NSManagedObject+Query.h */ = {isa = PBXFileReference; fileEncoding = 4; lastKnownFileType = sourcecode.c.h; path = "NSManagedObject+Query.h"; sourceTree = "<group>"; };
		9ED6C00F19B9F59F00EFAF4A /* NSManagedObject+Query.m */ = {isa = PBXFileReference; fileEncoding = 4; lastKnownFileType = sourcecode.c.objc; path = "NSManagedObject+Query.m"; sourceTree = "<group>"; };
		9ED6C01019B9F59F00EFAF4A /* NSObject+Notify.h */ = {isa = PBXFileReference; fileEncoding = 4; lastKnownFileType = sourcecode.c.h; path = "NSObject+Notify.h"; sourceTree = "<group>"; };
		9ED6C01119B9F59F00EFAF4A /* NSObject+Notify.m */ = {isa = PBXFileReference; fileEncoding = 4; lastKnownFileType = sourcecode.c.objc; path = "NSObject+Notify.m"; sourceTree = "<group>"; };
		9ED6C01219B9F59F00EFAF4A /* Query.h */ = {isa = PBXFileReference; fileEncoding = 4; lastKnownFileType = sourcecode.c.h; path = Query.h; sourceTree = "<group>"; };
		9ED6C01319B9F59F00EFAF4A /* Query.m */ = {isa = PBXFileReference; fileEncoding = 4; lastKnownFileType = sourcecode.c.objc; path = Query.m; sourceTree = "<group>"; };
		9ED6C01419B9F59F00EFAF4A /* UIImage+Alpha.h */ = {isa = PBXFileReference; fileEncoding = 4; lastKnownFileType = sourcecode.c.h; path = "UIImage+Alpha.h"; sourceTree = "<group>"; };
		9ED6C01519B9F59F00EFAF4A /* UIImage+Alpha.m */ = {isa = PBXFileReference; fileEncoding = 4; lastKnownFileType = sourcecode.c.objc; path = "UIImage+Alpha.m"; sourceTree = "<group>"; };
		9ED6C01619B9F59F00EFAF4A /* UIImage+Resize.h */ = {isa = PBXFileReference; fileEncoding = 4; lastKnownFileType = sourcecode.c.h; path = "UIImage+Resize.h"; sourceTree = "<group>"; };
		9ED6C01719B9F59F00EFAF4A /* UIImage+Resize.m */ = {isa = PBXFileReference; fileEncoding = 4; lastKnownFileType = sourcecode.c.objc; path = "UIImage+Resize.m"; sourceTree = "<group>"; };
		9ED6C01819B9F59F00EFAF4A /* UIImage+RoundedCorner.h */ = {isa = PBXFileReference; fileEncoding = 4; lastKnownFileType = sourcecode.c.h; path = "UIImage+RoundedCorner.h"; sourceTree = "<group>"; };
		9ED6C01919B9F59F00EFAF4A /* UIImage+RoundedCorner.m */ = {isa = PBXFileReference; fileEncoding = 4; lastKnownFileType = sourcecode.c.objc; path = "UIImage+RoundedCorner.m"; sourceTree = "<group>"; };
		9ED6C01A19B9F59F00EFAF4A /* Util.h */ = {isa = PBXFileReference; fileEncoding = 4; lastKnownFileType = sourcecode.c.h; path = Util.h; sourceTree = "<group>"; };
		9ED6C01B19B9F59F00EFAF4A /* Util.m */ = {isa = PBXFileReference; fileEncoding = 4; lastKnownFileType = sourcecode.c.objc; path = Util.m; sourceTree = "<group>"; };
		9ED6C02B19B9F67700EFAF4A /* AudioToolbox.framework */ = {isa = PBXFileReference; lastKnownFileType = wrapper.framework; name = AudioToolbox.framework; path = System/Library/Frameworks/AudioToolbox.framework; sourceTree = SDKROOT; };
		9ED6C02D19B9F67E00EFAF4A /* CFNetwork.framework */ = {isa = PBXFileReference; lastKnownFileType = wrapper.framework; name = CFNetwork.framework; path = System/Library/Frameworks/CFNetwork.framework; sourceTree = SDKROOT; };
		9ED6C02F19B9F68700EFAF4A /* CoreLocation.framework */ = {isa = PBXFileReference; lastKnownFileType = wrapper.framework; name = CoreLocation.framework; path = System/Library/Frameworks/CoreLocation.framework; sourceTree = SDKROOT; };
		9ED6C03119B9F68C00EFAF4A /* libz.dylib */ = {isa = PBXFileReference; lastKnownFileType = "compiled.mach-o.dylib"; name = libz.dylib; path = usr/lib/libz.dylib; sourceTree = SDKROOT; };
		9ED6C03319B9F69400EFAF4A /* MobileCoreServices.framework */ = {isa = PBXFileReference; lastKnownFileType = wrapper.framework; name = MobileCoreServices.framework; path = System/Library/Frameworks/MobileCoreServices.framework; sourceTree = SDKROOT; };
		9ED6C03519B9F69700EFAF4A /* QuartzCore.framework */ = {isa = PBXFileReference; lastKnownFileType = wrapper.framework; name = QuartzCore.framework; path = System/Library/Frameworks/QuartzCore.framework; sourceTree = SDKROOT; };
		9ED6C03719B9F69C00EFAF4A /* Security.framework */ = {isa = PBXFileReference; lastKnownFileType = wrapper.framework; name = Security.framework; path = System/Library/Frameworks/Security.framework; sourceTree = SDKROOT; };
		9ED6C03919B9F6A000EFAF4A /* StoreKit.framework */ = {isa = PBXFileReference; lastKnownFileType = wrapper.framework; name = StoreKit.framework; path = System/Library/Frameworks/StoreKit.framework; sourceTree = SDKROOT; };
		9ED6C03B19B9F6A700EFAF4A /* SystemConfiguration.framework */ = {isa = PBXFileReference; lastKnownFileType = wrapper.framework; name = SystemConfiguration.framework; path = System/Library/Frameworks/SystemConfiguration.framework; sourceTree = SDKROOT; };
		9ED6C03D19B9F6AB00EFAF4A /* Social.framework */ = {isa = PBXFileReference; lastKnownFileType = wrapper.framework; name = Social.framework; path = System/Library/Frameworks/Social.framework; sourceTree = SDKROOT; };
		9EFC7F2C19BF614500E6A2AE /* Constants.h */ = {isa = PBXFileReference; lastKnownFileType = sourcecode.c.h; path = Constants.h; sourceTree = "<group>"; };
/* End PBXFileReference section */

/* Begin PBXFrameworksBuildPhase section */
		9E0EA97A19B8BCD60072166D /* Frameworks */ = {
			isa = PBXFrameworksBuildPhase;
			buildActionMask = 2147483647;
			files = (
				9ED6C03E19B9F6AB00EFAF4A /* Social.framework in Frameworks */,
				9ED6C03C19B9F6A700EFAF4A /* SystemConfiguration.framework in Frameworks */,
				9ED6C03A19B9F6A000EFAF4A /* StoreKit.framework in Frameworks */,
				9ED6C03819B9F69C00EFAF4A /* Security.framework in Frameworks */,
				9ED6C03619B9F69700EFAF4A /* QuartzCore.framework in Frameworks */,
				9ED6C03419B9F69400EFAF4A /* MobileCoreServices.framework in Frameworks */,
				9ED6C03219B9F68C00EFAF4A /* libz.dylib in Frameworks */,
				9ED6C03019B9F68700EFAF4A /* CoreLocation.framework in Frameworks */,
				9ED6C02E19B9F67E00EFAF4A /* CFNetwork.framework in Frameworks */,
				9ED6C02C19B9F67700EFAF4A /* AudioToolbox.framework in Frameworks */,
				9E0EA98319B8BCD60072166D /* CoreGraphics.framework in Frameworks */,
				9E0EA98719B8BCD60072166D /* CoreData.framework in Frameworks */,
				9E0EA98519B8BCD60072166D /* UIKit.framework in Frameworks */,
				9E0EA98119B8BCD60072166D /* Foundation.framework in Frameworks */,
				9ED6BF9A19B9F4CB00EFAF4A /* Parse.framework in Frameworks */,
			);
			runOnlyForDeploymentPostprocessing = 0;
		};
		9E0EA99A19B8BCD60072166D /* Frameworks */ = {
			isa = PBXFrameworksBuildPhase;
			buildActionMask = 2147483647;
			files = (
				9E0EA99F19B8BCD60072166D /* XCTest.framework in Frameworks */,
				9E0EA9A219B8BCD60072166D /* CoreData.framework in Frameworks */,
				9E0EA9A119B8BCD60072166D /* UIKit.framework in Frameworks */,
				9E0EA9A019B8BCD60072166D /* Foundation.framework in Frameworks */,
			);
			runOnlyForDeploymentPostprocessing = 0;
		};
/* End PBXFrameworksBuildPhase section */

/* Begin PBXGroup section */
		3F2FC24F19BB9CF700124ACB /* Controllers */ = {
			isa = PBXGroup;
			children = (
				3F2FC25019BB9D3B00124ACB /* FieldsTableViewController.h */,
				3F2FC25119BB9D3B00124ACB /* FieldsTableViewController.m */,
			);
			name = Controllers;
			sourceTree = "<group>";
		};
		3F2FC25C19BBA1DD00124ACB /* Core Data */ = {
			isa = PBXGroup;
			children = (
				3F2FC26319BBA68300124ACB /* Field.h */,
				3F2FC26419BBA68300124ACB /* Field.m */,
				9E0EA99419B8BCD60072166D /* AgAR.xcdatamodeld */,
				3F2FC25D19BBA1F500124ACB /* Farm.h */,
				3F2FC25E19BBA1F500124ACB /* Farm.m */,
			);
			name = "Core Data";
			sourceTree = "<group>";
		};
		9E0EA97419B8BCD60072166D = {
			isa = PBXGroup;
			children = (
				9E0EA98819B8BCD60072166D /* AgAR */,
				9E0EA9A519B8BCD60072166D /* AgARTests */,
				9E0EA97F19B8BCD60072166D /* Frameworks */,
				9E0EA97E19B8BCD60072166D /* Products */,
			);
			sourceTree = "<group>";
		};
		9E0EA97E19B8BCD60072166D /* Products */ = {
			isa = PBXGroup;
			children = (
				9E0EA97D19B8BCD60072166D /* AgAR.app */,
				9E0EA99D19B8BCD60072166D /* AgARTests.xctest */,
			);
			name = Products;
			sourceTree = "<group>";
		};
		9E0EA97F19B8BCD60072166D /* Frameworks */ = {
			isa = PBXGroup;
			children = (
				9ED6C03D19B9F6AB00EFAF4A /* Social.framework */,
				9ED6C03B19B9F6A700EFAF4A /* SystemConfiguration.framework */,
				9ED6C03919B9F6A000EFAF4A /* StoreKit.framework */,
				9ED6C03719B9F69C00EFAF4A /* Security.framework */,
				9ED6C03519B9F69700EFAF4A /* QuartzCore.framework */,
				9ED6C03319B9F69400EFAF4A /* MobileCoreServices.framework */,
				9ED6C03119B9F68C00EFAF4A /* libz.dylib */,
				9ED6C02F19B9F68700EFAF4A /* CoreLocation.framework */,
				9ED6C02D19B9F67E00EFAF4A /* CFNetwork.framework */,
				9ED6C02B19B9F67700EFAF4A /* AudioToolbox.framework */,
				9ED6BF9919B9F4CB00EFAF4A /* Parse.framework */,
				9E0EA98019B8BCD60072166D /* Foundation.framework */,
				9E0EA98219B8BCD60072166D /* CoreGraphics.framework */,
				9E0EA98419B8BCD60072166D /* UIKit.framework */,
				9E0EA98619B8BCD60072166D /* CoreData.framework */,
				9E0EA99E19B8BCD60072166D /* XCTest.framework */,
			);
			name = Frameworks;
			sourceTree = "<group>";
		};
		9E0EA98819B8BCD60072166D /* AgAR */ = {
			isa = PBXGroup;
			children = (
				9ED6BFFB19B9F59F00EFAF4A /* Utils */,
				3F2FC25C19BBA1DD00124ACB /* Core Data */,
				9E0EA99119B8BCD60072166D /* AppDelegate.h */,
				9E0EA99219B8BCD60072166D /* AppDelegate.m */,
				9EFC7F2C19BF614500E6A2AE /* Constants.h */,
				9ED6BF9019B9F39000EFAF4A /* iPhone.storyboard */,
				9ED6BF9219B9F3CE00EFAF4A /* Login */,
				3F2FC24F19BB9CF700124ACB /* Controllers */,
				9E0EA98919B8BCD60072166D /* Supporting Files */,
			);
			path = AgAR;
			sourceTree = "<group>";
		};
		9E0EA98919B8BCD60072166D /* Supporting Files */ = {
			isa = PBXGroup;
			children = (
				9E0EA99719B8BCD60072166D /* Images.xcassets */,
				9E0EA98A19B8BCD60072166D /* AgAR-Info.plist */,
				9E0EA98B19B8BCD60072166D /* InfoPlist.strings */,
				9E0EA98E19B8BCD60072166D /* main.m */,
				9E0EA99019B8BCD60072166D /* AgAR-Prefix.pch */,
			);
			name = "Supporting Files";
			sourceTree = "<group>";
		};
		9E0EA9A519B8BCD60072166D /* AgARTests */ = {
			isa = PBXGroup;
			children = (
				9E0EA9AB19B8BCD60072166D /* AgARTests.m */,
				9E0EA9A619B8BCD60072166D /* Supporting Files */,
			);
			path = AgARTests;
			sourceTree = "<group>";
		};
		9E0EA9A619B8BCD60072166D /* Supporting Files */ = {
			isa = PBXGroup;
			children = (
				9E0EA9A719B8BCD60072166D /* AgARTests-Info.plist */,
				9E0EA9A819B8BCD60072166D /* InfoPlist.strings */,
			);
			name = "Supporting Files";
			sourceTree = "<group>";
		};
		9ED6BF9219B9F3CE00EFAF4A /* Login */ = {
			isa = PBXGroup;
			children = (
				9ED6BF9319B9F3EB00EFAF4A /* LoginViewController.h */,
				9ED6BF9419B9F3EB00EFAF4A /* LoginViewController.m */,
				9ED6BF9519B9F3EB00EFAF4A /* SignupViewController.h */,
				9ED6BF9619B9F3EB00EFAF4A /* SignupViewController.m */,
			);
			name = Login;
			sourceTree = "<group>";
		};
		9ED6BFFB19B9F59F00EFAF4A /* Utils */ = {
			isa = PBXGroup;
			children = (
				9ED6C00019B9F59F00EFAF4A /* GPLocationHelper.h */,
				9ED6C00119B9F59F00EFAF4A /* GPLocationHelper.m */,
				9ED6C00419B9F59F00EFAF4A /* MKAdditions */,
				9ED6C00C19B9F59F00EFAF4A /* NSManagedObject+Entity.h */,
				9ED6C00D19B9F59F00EFAF4A /* NSManagedObject+Entity.m */,
				9ED6C00E19B9F59F00EFAF4A /* NSManagedObject+Query.h */,
				9ED6C00F19B9F59F00EFAF4A /* NSManagedObject+Query.m */,
				9ED6C01019B9F59F00EFAF4A /* NSObject+Notify.h */,
				9ED6C01119B9F59F00EFAF4A /* NSObject+Notify.m */,
				9ED6C01219B9F59F00EFAF4A /* Query.h */,
				9ED6C01319B9F59F00EFAF4A /* Query.m */,
				9ED6C01419B9F59F00EFAF4A /* UIImage+Alpha.h */,
				9ED6C01519B9F59F00EFAF4A /* UIImage+Alpha.m */,
				9ED6C01619B9F59F00EFAF4A /* UIImage+Resize.h */,
				9ED6C01719B9F59F00EFAF4A /* UIImage+Resize.m */,
				9ED6C01819B9F59F00EFAF4A /* UIImage+RoundedCorner.h */,
				9ED6C01919B9F59F00EFAF4A /* UIImage+RoundedCorner.m */,
				9ED6C01A19B9F59F00EFAF4A /* Util.h */,
				9ED6C01B19B9F59F00EFAF4A /* Util.m */,
			);
			path = Utils;
			sourceTree = "<group>";
		};
		9ED6C00419B9F59F00EFAF4A /* MKAdditions */ = {
			isa = PBXGroup;
			children = (
				9ED6C00519B9F59F00EFAF4A /* MKBlockAdditions.h */,
				9ED6C00619B9F59F00EFAF4A /* NSObject+MKBlockAdditions.h */,
				9ED6C00719B9F59F00EFAF4A /* NSObject+MKBlockAdditions.m */,
				9ED6C00819B9F59F00EFAF4A /* UIActionSheet+MKBlockAdditions.h */,
				9ED6C00919B9F59F00EFAF4A /* UIActionSheet+MKBlockAdditions.m */,
				9ED6C00A19B9F59F00EFAF4A /* UIAlertView+MKBlockAdditions.h */,
				9ED6C00B19B9F59F00EFAF4A /* UIAlertView+MKBlockAdditions.m */,
			);
			path = MKAdditions;
			sourceTree = "<group>";
		};
/* End PBXGroup section */

/* Begin PBXNativeTarget section */
		9E0EA97C19B8BCD60072166D /* AgAR */ = {
			isa = PBXNativeTarget;
			buildConfigurationList = 9E0EA9AF19B8BCD60072166D /* Build configuration list for PBXNativeTarget "AgAR" */;
			buildPhases = (
				9E0EA97919B8BCD60072166D /* Sources */,
				9E0EA97A19B8BCD60072166D /* Frameworks */,
				9E0EA97B19B8BCD60072166D /* Resources */,
			);
			buildRules = (
			);
			dependencies = (
			);
			name = AgAR;
			productName = AgAR;
			productReference = 9E0EA97D19B8BCD60072166D /* AgAR.app */;
			productType = "com.apple.product-type.application";
		};
		9E0EA99C19B8BCD60072166D /* AgARTests */ = {
			isa = PBXNativeTarget;
			buildConfigurationList = 9E0EA9B219B8BCD60072166D /* Build configuration list for PBXNativeTarget "AgARTests" */;
			buildPhases = (
				9E0EA99919B8BCD60072166D /* Sources */,
				9E0EA99A19B8BCD60072166D /* Frameworks */,
				9E0EA99B19B8BCD60072166D /* Resources */,
			);
			buildRules = (
			);
			dependencies = (
				9E0EA9A419B8BCD60072166D /* PBXTargetDependency */,
			);
			name = AgARTests;
			productName = AgARTests;
			productReference = 9E0EA99D19B8BCD60072166D /* AgARTests.xctest */;
			productType = "com.apple.product-type.bundle.unit-test";
		};
/* End PBXNativeTarget section */

/* Begin PBXProject section */
		9E0EA97519B8BCD60072166D /* Project object */ = {
			isa = PBXProject;
			attributes = {
				LastUpgradeCheck = 0510;
				ORGANIZATIONNAME = BobbyRen;
				TargetAttributes = {
					9E0EA97C19B8BCD60072166D = {
						DevelopmentTeam = H799H8B8DD;
					};
					9E0EA99C19B8BCD60072166D = {
						TestTargetID = 9E0EA97C19B8BCD60072166D;
					};
				};
			};
			buildConfigurationList = 9E0EA97819B8BCD60072166D /* Build configuration list for PBXProject "AgAR" */;
			compatibilityVersion = "Xcode 3.2";
			developmentRegion = English;
			hasScannedForEncodings = 0;
			knownRegions = (
				en,
			);
			mainGroup = 9E0EA97419B8BCD60072166D;
			productRefGroup = 9E0EA97E19B8BCD60072166D /* Products */;
			projectDirPath = "";
			projectRoot = "";
			targets = (
				9E0EA97C19B8BCD60072166D /* AgAR */,
				9E0EA99C19B8BCD60072166D /* AgARTests */,
			);
		};
/* End PBXProject section */

/* Begin PBXResourcesBuildPhase section */
		9E0EA97B19B8BCD60072166D /* Resources */ = {
			isa = PBXResourcesBuildPhase;
			buildActionMask = 2147483647;
			files = (
				9E0EA98D19B8BCD60072166D /* InfoPlist.strings in Resources */,
				9E0EA99819B8BCD60072166D /* Images.xcassets in Resources */,
				9ED6BF9119B9F39000EFAF4A /* iPhone.storyboard in Resources */,
			);
			runOnlyForDeploymentPostprocessing = 0;
		};
		9E0EA99B19B8BCD60072166D /* Resources */ = {
			isa = PBXResourcesBuildPhase;
			buildActionMask = 2147483647;
			files = (
				9E0EA9AA19B8BCD60072166D /* InfoPlist.strings in Resources */,
			);
			runOnlyForDeploymentPostprocessing = 0;
		};
/* End PBXResourcesBuildPhase section */

/* Begin PBXSourcesBuildPhase section */
		9E0EA97919B8BCD60072166D /* Sources */ = {
			isa = PBXSourcesBuildPhase;
			buildActionMask = 2147483647;
			files = (
				9ED6BF9719B9F3EB00EFAF4A /* LoginViewController.m in Sources */,
				9E0EA99319B8BCD60072166D /* AppDelegate.m in Sources */,
				9E0EA98F19B8BCD60072166D /* main.m in Sources */,
				9ED6C02019B9F59F00EFAF4A /* NSObject+MKBlockAdditions.m in Sources */,
				3F2FC25219BB9D3B00124ACB /* FieldsTableViewController.m in Sources */,
				9ED6C02719B9F59F00EFAF4A /* UIImage+Alpha.m in Sources */,
				9ED6C02919B9F59F00EFAF4A /* UIImage+RoundedCorner.m in Sources */,
				9ED6C02819B9F59F00EFAF4A /* UIImage+Resize.m in Sources */,
				9ED6C02319B9F59F00EFAF4A /* NSManagedObject+Entity.m in Sources */,
				9E0EA99619B8BCD60072166D /* AgAR.xcdatamodeld in Sources */,
				3F2FC25F19BBA1F500124ACB /* Farm.m in Sources */,
				9ED6BF9819B9F3EB00EFAF4A /* SignupViewController.m in Sources */,
				9ED6C02619B9F59F00EFAF4A /* Query.m in Sources */,
				9ED6C02419B9F59F00EFAF4A /* NSManagedObject+Query.m in Sources */,
				3F2FC26519BBA68300124ACB /* Field.m in Sources */,
				9ED6C01E19B9F59F00EFAF4A /* GPLocationHelper.m in Sources */,
				9ED6C02A19B9F59F00EFAF4A /* Util.m in Sources */,
				9ED6C02119B9F59F00EFAF4A /* UIActionSheet+MKBlockAdditions.m in Sources */,
				9ED6C02219B9F59F00EFAF4A /* UIAlertView+MKBlockAdditions.m in Sources */,
				9ED6C02519B9F59F00EFAF4A /* NSObject+Notify.m in Sources */,
			);
			runOnlyForDeploymentPostprocessing = 0;
		};
		9E0EA99919B8BCD60072166D /* Sources */ = {
			isa = PBXSourcesBuildPhase;
			buildActionMask = 2147483647;
			files = (
				9E0EA9AC19B8BCD60072166D /* AgARTests.m in Sources */,
			);
			runOnlyForDeploymentPostprocessing = 0;
		};
/* End PBXSourcesBuildPhase section */

/* Begin PBXTargetDependency section */
		9E0EA9A419B8BCD60072166D /* PBXTargetDependency */ = {
			isa = PBXTargetDependency;
			target = 9E0EA97C19B8BCD60072166D /* AgAR */;
			targetProxy = 9E0EA9A319B8BCD60072166D /* PBXContainerItemProxy */;
		};
/* End PBXTargetDependency section */

/* Begin PBXVariantGroup section */
		9E0EA98B19B8BCD60072166D /* InfoPlist.strings */ = {
			isa = PBXVariantGroup;
			children = (
				9E0EA98C19B8BCD60072166D /* en */,
			);
			name = InfoPlist.strings;
			sourceTree = "<group>";
		};
		9E0EA9A819B8BCD60072166D /* InfoPlist.strings */ = {
			isa = PBXVariantGroup;
			children = (
				9E0EA9A919B8BCD60072166D /* en */,
			);
			name = InfoPlist.strings;
			sourceTree = "<group>";
		};
/* End PBXVariantGroup section */

/* Begin XCBuildConfiguration section */
		9E0EA9AD19B8BCD60072166D /* Debug */ = {
			isa = XCBuildConfiguration;
			buildSettings = {
				ALWAYS_SEARCH_USER_PATHS = NO;
				CLANG_CXX_LANGUAGE_STANDARD = "gnu++0x";
				CLANG_CXX_LIBRARY = "libc++";
				CLANG_ENABLE_MODULES = YES;
				CLANG_ENABLE_OBJC_ARC = YES;
				CLANG_WARN_BOOL_CONVERSION = YES;
				CLANG_WARN_CONSTANT_CONVERSION = YES;
				CLANG_WARN_DIRECT_OBJC_ISA_USAGE = YES_ERROR;
				CLANG_WARN_EMPTY_BODY = YES;
				CLANG_WARN_ENUM_CONVERSION = YES;
				CLANG_WARN_INT_CONVERSION = YES;
				CLANG_WARN_OBJC_ROOT_CLASS = YES_ERROR;
				CLANG_WARN__DUPLICATE_METHOD_MATCH = YES;
				"CODE_SIGN_IDENTITY[sdk=iphoneos*]" = "iPhone Developer";
				COPY_PHASE_STRIP = NO;
				GCC_C_LANGUAGE_STANDARD = gnu99;
				GCC_DYNAMIC_NO_PIC = NO;
				GCC_OPTIMIZATION_LEVEL = 0;
				GCC_PREPROCESSOR_DEFINITIONS = (
					"DEBUG=1",
					"$(inherited)",
				);
				GCC_SYMBOLS_PRIVATE_EXTERN = NO;
				GCC_WARN_64_TO_32_BIT_CONVERSION = YES;
				GCC_WARN_ABOUT_RETURN_TYPE = YES_ERROR;
				GCC_WARN_UNDECLARED_SELECTOR = YES;
				GCC_WARN_UNINITIALIZED_AUTOS = YES_AGGRESSIVE;
				GCC_WARN_UNUSED_FUNCTION = YES;
				GCC_WARN_UNUSED_VARIABLE = YES;
				IPHONEOS_DEPLOYMENT_TARGET = 7.1;
				ONLY_ACTIVE_ARCH = YES;
				SDKROOT = iphoneos;
				TARGETED_DEVICE_FAMILY = "1,2";
			};
			name = Debug;
		};
		9E0EA9AE19B8BCD60072166D /* Release */ = {
			isa = XCBuildConfiguration;
			buildSettings = {
				ALWAYS_SEARCH_USER_PATHS = NO;
				CLANG_CXX_LANGUAGE_STANDARD = "gnu++0x";
				CLANG_CXX_LIBRARY = "libc++";
				CLANG_ENABLE_MODULES = YES;
				CLANG_ENABLE_OBJC_ARC = YES;
				CLANG_WARN_BOOL_CONVERSION = YES;
				CLANG_WARN_CONSTANT_CONVERSION = YES;
				CLANG_WARN_DIRECT_OBJC_ISA_USAGE = YES_ERROR;
				CLANG_WARN_EMPTY_BODY = YES;
				CLANG_WARN_ENUM_CONVERSION = YES;
				CLANG_WARN_INT_CONVERSION = YES;
				CLANG_WARN_OBJC_ROOT_CLASS = YES_ERROR;
				CLANG_WARN__DUPLICATE_METHOD_MATCH = YES;
				"CODE_SIGN_IDENTITY[sdk=iphoneos*]" = "iPhone Developer";
				COPY_PHASE_STRIP = YES;
				ENABLE_NS_ASSERTIONS = NO;
				GCC_C_LANGUAGE_STANDARD = gnu99;
				GCC_WARN_64_TO_32_BIT_CONVERSION = YES;
				GCC_WARN_ABOUT_RETURN_TYPE = YES_ERROR;
				GCC_WARN_UNDECLARED_SELECTOR = YES;
				GCC_WARN_UNINITIALIZED_AUTOS = YES_AGGRESSIVE;
				GCC_WARN_UNUSED_FUNCTION = YES;
				GCC_WARN_UNUSED_VARIABLE = YES;
				IPHONEOS_DEPLOYMENT_TARGET = 7.1;
				SDKROOT = iphoneos;
				TARGETED_DEVICE_FAMILY = "1,2";
				VALIDATE_PRODUCT = YES;
			};
			name = Release;
		};
		9E0EA9B019B8BCD60072166D /* Debug */ = {
			isa = XCBuildConfiguration;
			buildSettings = {
				ASSETCATALOG_COMPILER_APPICON_NAME = AppIcon;
				ASSETCATALOG_COMPILER_LAUNCHIMAGE_NAME = LaunchImage;
				CODE_SIGN_IDENTITY = "iPhone Developer";
				FRAMEWORK_SEARCH_PATHS = (
					"$(inherited)",
					"$(PROJECT_DIR)",
				);
				GCC_PRECOMPILE_PREFIX_HEADER = YES;
				GCC_PREFIX_HEADER = "AgAR/AgAR-Prefix.pch";
				INFOPLIST_FILE = "AgAR/AgAR-Info.plist";
				PRODUCT_NAME = "$(TARGET_NAME)";
				WRAPPER_EXTENSION = app;
			};
			name = Debug;
		};
		9E0EA9B119B8BCD60072166D /* Release */ = {
			isa = XCBuildConfiguration;
			buildSettings = {
				ASSETCATALOG_COMPILER_APPICON_NAME = AppIcon;
				ASSETCATALOG_COMPILER_LAUNCHIMAGE_NAME = LaunchImage;
				CODE_SIGN_IDENTITY = "iPhone Developer";
				FRAMEWORK_SEARCH_PATHS = (
					"$(inherited)",
					"$(PROJECT_DIR)",
				);
				GCC_PRECOMPILE_PREFIX_HEADER = YES;
				GCC_PREFIX_HEADER = "AgAR/AgAR-Prefix.pch";
				INFOPLIST_FILE = "AgAR/AgAR-Info.plist";
				PRODUCT_NAME = "$(TARGET_NAME)";
				WRAPPER_EXTENSION = app;
			};
			name = Release;
		};
		9E0EA9B319B8BCD60072166D /* Debug */ = {
			isa = XCBuildConfiguration;
			buildSettings = {
				BUNDLE_LOADER = "$(BUILT_PRODUCTS_DIR)/AgAR.app/AgAR";
				FRAMEWORK_SEARCH_PATHS = (
					"$(SDKROOT)/Developer/Library/Frameworks",
					"$(inherited)",
					"$(DEVELOPER_FRAMEWORKS_DIR)",
				);
				GCC_PRECOMPILE_PREFIX_HEADER = YES;
				GCC_PREFIX_HEADER = "AgAR/AgAR-Prefix.pch";
				GCC_PREPROCESSOR_DEFINITIONS = (
					"DEBUG=1",
					"$(inherited)",
				);
				INFOPLIST_FILE = "AgARTests/AgARTests-Info.plist";
				PRODUCT_NAME = "$(TARGET_NAME)";
				TEST_HOST = "$(BUNDLE_LOADER)";
				WRAPPER_EXTENSION = xctest;
			};
			name = Debug;
		};
		9E0EA9B419B8BCD60072166D /* Release */ = {
			isa = XCBuildConfiguration;
			buildSettings = {
				BUNDLE_LOADER = "$(BUILT_PRODUCTS_DIR)/AgAR.app/AgAR";
				FRAMEWORK_SEARCH_PATHS = (
					"$(SDKROOT)/Developer/Library/Frameworks",
					"$(inherited)",
					"$(DEVELOPER_FRAMEWORKS_DIR)",
				);
				GCC_PRECOMPILE_PREFIX_HEADER = YES;
				GCC_PREFIX_HEADER = "AgAR/AgAR-Prefix.pch";
				INFOPLIST_FILE = "AgARTests/AgARTests-Info.plist";
				PRODUCT_NAME = "$(TARGET_NAME)";
				TEST_HOST = "$(BUNDLE_LOADER)";
				WRAPPER_EXTENSION = xctest;
			};
			name = Release;
		};
/* End XCBuildConfiguration section */

/* Begin XCConfigurationList section */
		9E0EA97819B8BCD60072166D /* Build configuration list for PBXProject "AgAR" */ = {
			isa = XCConfigurationList;
			buildConfigurations = (
				9E0EA9AD19B8BCD60072166D /* Debug */,
				9E0EA9AE19B8BCD60072166D /* Release */,
			);
			defaultConfigurationIsVisible = 0;
			defaultConfigurationName = Release;
		};
		9E0EA9AF19B8BCD60072166D /* Build configuration list for PBXNativeTarget "AgAR" */ = {
			isa = XCConfigurationList;
			buildConfigurations = (
				9E0EA9B019B8BCD60072166D /* Debug */,
				9E0EA9B119B8BCD60072166D /* Release */,
			);
			defaultConfigurationIsVisible = 0;
			defaultConfigurationName = Release;
		};
		9E0EA9B219B8BCD60072166D /* Build configuration list for PBXNativeTarget "AgARTests" */ = {
			isa = XCConfigurationList;
			buildConfigurations = (
				9E0EA9B319B8BCD60072166D /* Debug */,
				9E0EA9B419B8BCD60072166D /* Release */,
			);
			defaultConfigurationIsVisible = 0;
			defaultConfigurationName = Release;
		};
/* End XCConfigurationList section */

/* Begin XCVersionGroup section */
		9E0EA99419B8BCD60072166D /* AgAR.xcdatamodeld */ = {
			isa = XCVersionGroup;
			children = (
				9E0EA99519B8BCD60072166D /* AgAR.xcdatamodel */,
			);
			currentVersion = 9E0EA99519B8BCD60072166D /* AgAR.xcdatamodel */;
			path = AgAR.xcdatamodeld;
			sourceTree = "<group>";
			versionGroupType = wrapper.xcdatamodel;
		};
/* End XCVersionGroup section */
	};
	rootObject = 9E0EA97519B8BCD60072166D /* Project object */;
}
